
Microsoft Visual Studio Solution File, Format Version 12.00
# Visual Studio Version 16
VisualStudioVersion = 16.0.30104.148
MinimumVisualStudioVersion = 10.0.40219.1
Project("{FAE04EC0-301F-11D3-BF4B-00C04F79EFBC}") = "C_Sharp File Storage", "C_Sharp File Storage\C_Sharp File Storage.csproj", "{71B83256-8207-4790-8916-B348CA8DD869}"
EndProject
Project("{FAE04EC0-301F-11D3-BF4B-00C04F79EFBC}") = "NUnitTest", "NUnitTest\NUnitTest.csproj", "{7B44A2CD-435B-4BA6-8019-E9449F70E81D}"
EndProject
Global
	GlobalSection(SolutionConfigurationPlatforms) = preSolution
		Debug|Any CPU = Debug|Any CPU
		Release|Any CPU = Release|Any CPU
	EndGlobalSection
	GlobalSection(ProjectConfigurationPlatforms) = postSolution
		{71B83256-8207-4790-8916-B348CA8DD869}.Debug|Any CPU.ActiveCfg = Debug|Any CPU
		{71B83256-8207-4790-8916-B348CA8DD869}.Debug|Any CPU.Build.0 = Debug|Any CPU
		{71B83256-8207-4790-8916-B348CA8DD869}.Release|Any CPU.ActiveCfg = Release|Any CPU
		{71B83256-8207-4790-8916-B348CA8DD869}.Release|Any CPU.Build.0 = Release|Any CPU
		{7B44A2CD-435B-4BA6-8019-E9449F70E81D}.Debug|Any CPU.ActiveCfg = Debug|Any CPU
		{7B44A2CD-435B-4BA6-8019-E9449F70E81D}.Debug|Any CPU.Build.0 = Debug|Any CPU
		{7B44A2CD-435B-4BA6-8019-E9449F70E81D}.Release|Any CPU.ActiveCfg = Release|Any CPU
		{7B44A2CD-435B-4BA6-8019-E9449F70E81D}.Release|Any CPU.Build.0 = Release|Any CPU
	EndGlobalSection
	GlobalSection(SolutionProperties) = preSolution
		HideSolutionNode = FALSE
	EndGlobalSection
	GlobalSection(ExtensibilityGlobals) = postSolution
		SolutionGuid = {903510CB-1376-4523-A7D6-76EC81326B80}
	EndGlobalSection
EndGlobal
